
Microsoft Visual Studio Solution File, Format Version 12.00
# Visual Studio Version 16
VisualStudioVersion = 16.0.33801.447
MinimumVisualStudioVersion = 10.0.40219.1
Project("{FAE04EC0-301F-11D3-BF4B-00C04F79EFBC}") = "practic_1", "practic_1\practic_1.csproj", "{8AE5A8F9-6D66-4DB0-98C6-929E11A767B4}"
EndProject
Global
	GlobalSection(SolutionConfigurationPlatforms) = preSolution
		Debug|Any CPU = Debug|Any CPU
		Release|Any CPU = Release|Any CPU
	EndGlobalSection
	GlobalSection(ProjectConfigurationPlatforms) = postSolution
		{8AE5A8F9-6D66-4DB0-98C6-929E11A767B4}.Debug|Any CPU.ActiveCfg = Debug|Any CPU
		{8AE5A8F9-6D66-4DB0-98C6-929E11A767B4}.Debug|Any CPU.Build.0 = Debug|Any CPU
		{8AE5A8F9-6D66-4DB0-98C6-929E11A767B4}.Release|Any CPU.ActiveCfg = Release|Any CPU
		{8AE5A8F9-6D66-4DB0-98C6-929E11A767B4}.Release|Any CPU.Build.0 = Release|Any CPU
	EndGlobalSection
	GlobalSection(SolutionProperties) = preSolution
		HideSolutionNode = FALSE
	EndGlobalSection
	GlobalSection(ExtensibilityGlobals) = postSolution
		SolutionGuid = {BE067A39-0E3E-4B4A-8B98-A5B596DC294B}
	EndGlobalSection
EndGlobal
